
Microsoft Visual Studio Solution File, Format Version 12.00
# Visual Studio Version 16
VisualStudioVersion = 16.0.31019.194
MinimumVisualStudioVersion = 10.0.40219.1
Project("{FAE04EC0-301F-11D3-BF4B-00C04F79EFBC}") = "mobile.de Scraper", "mobile.de Scraper\mobile.de Scraper.csproj", "{C1EB8335-3F6F-4C31-A83D-9DB3E86BE492}"
EndProject
Global
	GlobalSection(SolutionConfigurationPlatforms) = preSolution
		Debug|Any CPU = Debug|Any CPU
		Release|Any CPU = Release|Any CPU
	EndGlobalSection
	GlobalSection(ProjectConfigurationPlatforms) = postSolution
		{C1EB8335-3F6F-4C31-A83D-9DB3E86BE492}.Debug|Any CPU.ActiveCfg = Debug|Any CPU
		{C1EB8335-3F6F-4C31-A83D-9DB3E86BE492}.Debug|Any CPU.Build.0 = Debug|Any CPU
		{C1EB8335-3F6F-4C31-A83D-9DB3E86BE492}.Release|Any CPU.ActiveCfg = Release|Any CPU
		{C1EB8335-3F6F-4C31-A83D-9DB3E86BE492}.Release|Any CPU.Build.0 = Release|Any CPU
	EndGlobalSection
	GlobalSection(SolutionProperties) = preSolution
		HideSolutionNode = FALSE
	EndGlobalSection
	GlobalSection(ExtensibilityGlobals) = postSolution
		SolutionGuid = {743CC940-5C8E-412D-AE66-B1D085709C8A}
	EndGlobalSection
EndGlobal
